{"version":4,"terraform_version":"1.10.7","serial":6,"lineage":"715f225c-d7ec-74f6-c582-6320ab046cdc","outputs":{"bucket_name":{"value":"webbucket","type":"string"},"website_url":{"value":"http://127.0.0.1:9000/webbucket/index.html","type":"string"}},"resources":[{"mode":"managed","type":"minio_iam_policy","name":"public_bucket_policy","provider":"provider[\"registry.opentofu.org/terraform-provider-minio/minio\"]","instances":[{"schema_version":0,"attributes":{"id":"webbucket-public","name":"webbucket-public","name_prefix":null,"policy":"{\"Statement\":[{\"Action\":[\"s3:GetObject\"],\"Effect\":\"Allow\",\"Principal\":\"*\",\"Resource\":[\"arn:aws:s3:::webbucket/*\"]}],\"Version\":\"2012-10-17\"}"},"sensitive_attributes":[],"private":"bnVsbA=="}]},{"mode":"managed","type":"minio_s3_bucket","name":"web_bucket","provider":"provider[\"registry.opentofu.org/terraform-provider-minio/minio\"]","instances":[{"schema_version":0,"attributes":{"acl":"private","arn":"arn:aws:s3:::webbucket","bucket":"webbucket","bucket_domain_name":"http://127.0.0.1:9000/minio/webbucket","bucket_prefix":null,"force_destroy":false,"id":"webbucket","object_locking":false,"quota":null},"sensitive_attributes":[],"private":"bnVsbA=="}]},{"mode":"managed","type":"minio_s3_object","name":"index_html","provider":"provider[\"registry.opentofu.org/terraform-provider-minio/minio\"]","instances":[{"schema_version":0,"attributes":{"bucket_name":"webbucket","content":null,"content_base64":null,"content_type":"application/octet-stream","etag":"8e3e7998c2e9a00b7e2717574ae5529e-1","id":"index.html","object_name":"index.html","source":"index.html","version_id":""},"sensitive_attributes":[],"private":"bnVsbA==","dependencies":["minio_s3_bucket.web_bucket"]}]},{"mode":"managed","type":"minio_s3_object","name":"style_css","provider":"provider[\"registry.opentofu.org/terraform-provider-minio/minio\"]","instances":[{"schema_version":0,"attributes":{"bucket_name":"webbucket","content":null,"content_base64":null,"content_type":"application/octet-stream","etag":"aeb0d2bb9bcd97c3cb5c766173a3c398-1","id":"style.css","object_name":"style.css","source":"style.css","version_id":""},"sensitive_attributes":[],"private":"bnVsbA==","dependencies":["minio_s3_bucket.web_bucket"]}]}],"check_results":null}
